#MicroXplorer Configuration settings - do not modify
Mcu.Family=STM32F7
ProjectManager.MainLocation=Src
PH0-OSC_IN.Signal=RCC_OSC_IN
RCC.SAI1Freq_Value=96000000
USART2.IPParameters=VirtualMode-Asynchronous
ProjectManager.KeepUserCode=true
Mcu.UserName=STM32F723IEKx
SPI1.VirtualType=VM_MASTER
SPI2.VirtualType=VM_MASTER
PC10.Locked=true
RCC.PLLCLKFreq_Value=96000000
PC10.Signal=GPIO_Output
RCC.PLLQCLKFreq_Value=96000000
ProjectManager.functionlistsort=
PD8.Locked=true
PA11.Mode=Device_Only
RCC.PLLI2SRCLKFreq_Value=96000000
PG14.GPIOParameters=GPIO_Label
USART1.IPParameters=VirtualMode-Asynchronous
PB13.Signal=USB_OTG_HS_VBUS
PB15.Signal=USB_OTG_HS_DP
PG13.Signal=GPIO_Output
PinOutPanel.RotationAngle=0
ProjectManager.StackSize=0x400
Mcu.IP4=SPI1
Mcu.IP5=SPI2
Mcu.IP2=NVIC
NVIC.SVCall_IRQn=true\:0\:0\:false\:false\:true\:false\:false
Mcu.IP3=RCC
Mcu.IP0=ADC1
Mcu.IP1=CORTEX_M7
PA12.Signal=USB_OTG_FS_DP
Mcu.UserConstants=
RCC.SDMMCFreq_Value=16000000
Mcu.ThirdPartyNb=0
SPI1.Direction=SPI_DIRECTION_2LINES
SH.ADCx_IN3.0=ADC1_IN3,IN3
Mcu.IPNb=11
ProjectManager.PreviousToolchain=
PB6.Signal=USART1_TX
SPI1.CalculateBaudRate=8.0 MBits/s
SH.ADCx_IN3.ConfNb=1
PD8.GPIOParameters=GPIO_Label
PB6.Mode=Asynchronous
Mcu.Pin6=PB4
RCC.SAI2Freq_Value=96000000
Mcu.Pin7=PB3
PD8.Signal=GPIO_Output
Mcu.Pin8=PA14
Mcu.Pin9=PA13
RCC.VCOSAIOutputFreq_Value=192000000
PI3.Mode=Full_Duplex_Master
PH0-OSC_IN.Mode=HSE-External-Clock-Source
Mcu.Pin0=PE2
Mcu.Pin1=PE0
PD5.Mode=Asynchronous
GPIO.groupedBy=
Mcu.Pin2=PB8
Mcu.Pin3=PB5
PD10.GPIOParameters=GPIO_Label
Mcu.Pin4=PG14
Mcu.Pin5=PG13
ProjectManager.ProjectBuild=false
RCC.HSE_VALUE=25000000
PG13.Locked=true
NVIC.UsageFault_IRQn=true\:0\:0\:false\:false\:true\:false\:false
NVIC.DebugMonitor_IRQn=true\:0\:0\:false\:false\:true\:false\:false
PB3.Mode=Full_Duplex_Master
USART2.VirtualMode-Asynchronous=VM_ASYNC
Mcu.IP10=USB_OTG_HS
NVIC.SysTick_IRQn=true\:0\:0\:false\:false\:true\:false\:true
ProjectManager.FirmwarePackage=STM32Cube FW_F7 V1.16.0
MxDb.Version=DB.5.0.60
PE0.GPIOParameters=GPIO_Label
PB4.Mode=Full_Duplex_Master
ProjectManager.BackupPrevious=false
RCC.VCOInputFreq_Value=1000000
PA14.Mode=Serial_Wire
PB14.Mode=Internal_Phy_Device
PI3.Signal=SPI2_MOSI
PB5.Mode=Full_Duplex_Master
File.Version=6
SPI2.CalculateBaudRate=8.0 MBits/s
PE2.Signal=GPIO_Output
PB7.Signal=USART1_RX
PB8.Locked=true
NVIC.PendSV_IRQn=true\:0\:0\:false\:false\:true\:false\:false
USB_OTG_HS.IPParameters=VirtualMode
ProjectManager.HalAssertFull=false
ProjectManager.ProjectName=hs-probe
PH1-OSC_OUT.Mode=HSE-External-Clock-Source
Mcu.Package=UFBGA176
SPI2.Mode=SPI_MODE_MASTER
PG13.GPIOParameters=GPIO_Label
ProjectManager.ToolChainLocation=
RCC.LSI_VALUE=32000
VP_SYS_VS_Systick.Signal=SYS_VS_Systick
USB_OTG_FS.VirtualMode=Device_Only
PE0.GPIO_Label=LED3
PI1.Mode=Full_Duplex_Master
RCC.PLLSourceVirtualString=RCC_PLLSOURCE_HSI
NVIC.BusFault_IRQn=true\:0\:0\:false\:false\:true\:false\:false
SPI2.Direction=SPI_DIRECTION_2LINES
USB_OTG_FS.IPParameters=VirtualMode
PB13.Mode=Activate_VBUS_FS
PB10.GPIOParameters=GPIO_Label
PD6.Signal=USART2_RX
PE2.GPIO_Label=T_VCC_EN
ProjectManager.CustomerFirmwarePackage=
REXTPHYHS.Mode=Internal_Phy_Device
RCC.PLLSAIQCLKFreq_Value=96000000
PB4.Signal=SPI1_MISO
PA3.Signal=ADCx_IN3
RCC.I2SFreq_Value=96000000
REXTPHYHS.Signal=USB_OTG_HS_REXTPHYHS
ProjectManager.ProjectFileName=hs-probe.ioc
PB8.GPIOParameters=GPIO_Label
Mcu.PinsNb=32
PC10.GPIO_Label=LED1
ProjectManager.NoMain=false
SPI1.IPParameters=VirtualType,Mode,Direction,CalculateBaudRate
ADC1.IPParameters=Rank-1\#ChannelRegularConversion,master,Channel-1\#ChannelRegularConversion,SamplingTime-1\#ChannelRegularConversion,NbrOfConversionFlag
ProjectManager.DefaultFWLocation=true
PD5.Signal=USART2_TX
ProjectManager.DeletePrevious=true
PB10.Locked=true
PD6.Mode=Asynchronous
PG14.Locked=true
PG13.GPIO_Label=RESET
PI2.Mode=Full_Duplex_Master
PinOutPanel.CurrentBGAView=Top
RCC.FamilyName=M
PD8.GPIO_Label=GPIO1
PD10.Signal=GPIO_Output
USART1.VirtualMode-Asynchronous=VM_ASYNC
PA13.Signal=SYS_JTMS-SWDIO
PB8.GPIO_Label=LED2
PA9.Mode=Activate_VBUS
ProjectManager.TargetToolchain=EWARM V8.32
PB10.GPIO_Label=USB_SEL
PA9.Signal=USB_OTG_FS_VBUS
ADC1.Channel-1\#ChannelRegularConversion=ADC_CHANNEL_3
SPI2.IPParameters=VirtualType,Mode,Direction,CalculateBaudRate
PE2.GPIOParameters=GPIO_Label
PE0.Locked=true
PI1.Locked=true
RCC.USBFreq_Value=96000000
PD10.GPIO_Label=GPIO2
RCC.PLLSAIoutputFreq_Value=96000000
RCC.LSE_VALUE=32768
PB10.Signal=GPIO_Output
RCC.VCOI2SOutputFreq_Value=192000000
PB14.Signal=USB_OTG_HS_DM
PG14.Signal=GPIO_Output
RCC.PLLSAIPCLKFreq_Value=96000000
board=custom
RCC.VCOOutputFreq_Value=192000000
ProjectManager.LastFirmware=true
PB15.Mode=Internal_Phy_Device
MxCube.Version=5.6.1
SPI1.Mode=SPI_MODE_MASTER
PI2.Signal=SPI2_MISO
PI1.Signal=SPI2_SCK
RCC.RNGFreq_Value=96000000
Mcu.Pin30=PB15
VP_SYS_VS_Systick.Mode=SysTick
PH1-OSC_OUT.Signal=RCC_OSC_OUT
Mcu.Pin31=VP_SYS_VS_Systick
NVIC.NonMaskableInt_IRQn=true\:0\:0\:false\:false\:true\:false\:false
PC10.GPIOParameters=GPIO_Label
PA13.Mode=Serial_Wire
PG14.GPIO_Label=GNDDet
ProjectManager.FreePins=false
RCC.IPParameters=FamilyName,HSE_VALUE,HSI_VALUE,I2SFreq_Value,LSE_VALUE,LSI_VALUE,PLLCLKFreq_Value,PLLI2SQCLKFreq_Value,PLLI2SRCLKFreq_Value,PLLQCLKFreq_Value,PLLSAIPCLKFreq_Value,PLLSAIQCLKFreq_Value,PLLSAIoutputFreq_Value,PLLSourceVirtualString,RNGFreq_Value,SAI1Freq_Value,SAI2Freq_Value,SDMMC2Freq_Value,SDMMCFreq_Value,USBFreq_Value,VCOI2SOutputFreq_Value,VCOInputFreq_Value,VCOOutputFreq_Value,VCOSAIOutputFreq_Value
ProjectManager.AskForMigrate=true
PE0.Signal=GPIO_Output
Mcu.Name=STM32F723I(C-E)Kx
RCC.PLLI2SQCLKFreq_Value=96000000
Mcu.Pin26=PD8
Mcu.Pin27=PA3
Mcu.Pin24=PD10
ProjectManager.UnderRoot=false
Mcu.Pin25=PB13
Mcu.IP8=USART2
Mcu.IP9=USB_OTG_FS
Mcu.Pin28=PB10
Mcu.IP6=SYS
Mcu.Pin29=PB14
Mcu.IP7=USART1
ProjectManager.CoupleFile=false
PB3.Signal=SPI1_SCK
ADC1.SamplingTime-1\#ChannelRegularConversion=ADC_SAMPLETIME_3CYCLES
PB5.Signal=SPI1_MOSI
Mcu.Pin22=PH1-OSC_OUT
Mcu.Pin23=REXTPHYHS
Mcu.Pin20=PA9
ADC1.master=1
Mcu.Pin21=PH0-OSC_IN
PA12.Mode=Device_Only
PD10.Locked=true
NVIC.ForceEnableDMAVector=true
KeepUserPlacement=false
USB_OTG_HS.VirtualMode=Int_Phy_Device
NVIC.MemoryManagement_IRQn=true\:0\:0\:false\:false\:true\:false\:false
ProjectManager.CompilerOptimize=6
ADC1.Rank-1\#ChannelRegularConversion=1
PA11.Signal=USB_OTG_FS_DM
PB7.Mode=Asynchronous
PA14.Signal=SYS_JTCK-SWCLK
ProjectManager.HeapSize=0x200
Mcu.Pin15=PD5
NVIC.HardFault_IRQn=true\:0\:0\:false\:false\:true\:false\:false
Mcu.Pin16=PI3
Mcu.Pin13=PC10
Mcu.Pin14=PA12
Mcu.Pin19=PI1
ProjectManager.ComputerToolchain=false
Mcu.Pin17=PI2
RCC.HSI_VALUE=16000000
Mcu.Pin18=PA11
NVIC.PriorityGroup=NVIC_PRIORITYGROUP_4
ADC1.NbrOfConversionFlag=1
Mcu.Pin11=PB6
Mcu.Pin12=PD6
Mcu.Pin10=PB7
PB8.Signal=GPIO_Output
PE2.Locked=true
RCC.SDMMC2Freq_Value=16000000
ProjectManager.DeviceId=STM32F723IEKx
ProjectManager.LibraryCopy=0
