#MicroXplorer Configuration settings - do not modify
Mcu.Family=STM32F7
PC3.Mode=External_Phy_Device
ProjectManager.MainLocation=Core/Src
PA6.Mode=Full_Duplex_Master
RCC.USART1Freq_Value=108000000
PH0-OSC_IN.Signal=RCC_OSC_IN
RCC.SAI1Freq_Value=192000000
RCC.CortexFreq_Value=216000000
ProjectManager.KeepUserCode=true
Mcu.UserName=STM32F730R8Tx
SPI1.VirtualType=VM_MASTER
SPI2.VirtualType=VM_MASTER
PB10.Mode=External_Phy_Device
RCC.PLLCLKFreq_Value=216000000
PC10.Signal=USART3_TX
RCC.PLLQCLKFreq_Value=48000000
ProjectManager.functionlistsort=
PA11.Mode=Device_Only
RCC.PLLI2SRCLKFreq_Value=192000000
RCC.USART2Freq_Value=54000000
USART1.IPParameters=VirtualMode-Asynchronous
PB11.Signal=USB_OTG_HS_ULPI_D4
PB15.Signal=SPI2_MOSI
PB13.Signal=USB_OTG_HS_ULPI_D6
PinOutPanel.RotationAngle=0
RCC.SYSCLKSource=RCC_SYSCLKSOURCE_PLLCLK
RCC.MCO1PinFreq_Value=24000000
ProjectManager.StackSize=0x400
USART3.VirtualMode-Asynchronous=VM_ASYNC
RCC.I2C3Freq_Value=54000000
Mcu.IP4=SPI1
RCC.FCLKCortexFreq_Value=216000000
Mcu.IP5=SPI2
Mcu.IP2=NVIC
NVIC.SVCall_IRQn=true\:0\:0\:false\:false\:true\:false\:false
Mcu.IP3=RCC
Mcu.IP0=ADC1
Mcu.IP1=CORTEX_M7
PA12.Signal=USB_OTG_FS_DP
Mcu.UserConstants=
RCC.SDMMCFreq_Value=216000000
Mcu.ThirdPartyNb=0
SPI1.Direction=SPI_DIRECTION_2LINES
RCC.HCLKFreq_Value=216000000
Mcu.IPNb=11
RCC.PLLI2SRoutputFreq_Value=192000000
ProjectManager.PreviousToolchain=
RCC.APB2TimFreq_Value=216000000
PB6.Signal=USART1_TX
SPI1.CalculateBaudRate=54.0 MBits/s
PB6.Mode=Asynchronous
PC3.Signal=USB_OTG_HS_ULPI_NXT
Mcu.Pin6=PA3
RCC.SAI2Freq_Value=192000000
Mcu.Pin7=PA5
Mcu.Pin8=PA6
Mcu.Pin9=PA7
RCC.VCOSAIOutputFreq_Value=384000000
RCC.AHBFreq_Value=216000000
PH0-OSC_IN.Mode=HSE-External-Clock-Source
Mcu.Pin0=PH0-OSC_IN
Mcu.Pin1=PH1-OSC_OUT
GPIO.groupedBy=
Mcu.Pin2=PC0
Mcu.Pin3=PC2
RCC.USART3Freq_Value=54000000
Mcu.Pin4=PC3
Mcu.Pin5=PA0-WKUP
ADC1.Channel-0\#ChannelRegularConversion=ADC_CHANNEL_0
ProjectManager.ProjectBuild=false
RCC.HSE_VALUE=24000000
NVIC.UsageFault_IRQn=true\:0\:0\:false\:false\:true\:false\:false
NVIC.DebugMonitor_IRQn=true\:0\:0\:false\:false\:true\:false\:false
PB3.Mode=Full_Duplex_Master
Mcu.IP10=USB_OTG_HS
NVIC.SysTick_IRQn=true\:0\:0\:false\:false\:true\:false\:true
RCC.RCC_MCO1Source=RCC_MCO1SOURCE_HSE
ProjectManager.FirmwarePackage=STM32Cube FW_F7 V1.16.0
MxDb.Version=DB.6.0.0
ProjectManager.BackupPrevious=false
RCC.VCOInputFreq_Value=2000000
PA14.Mode=Serial_Wire
PB14.Mode=Full_Duplex_Master
PB5.Mode=External_Phy_Device
File.Version=6
SPI2.CalculateBaudRate=27.0 MBits/s
PB7.Signal=USART1_RX
PA8.Signal=RCC_MCO_1
SH.ADCx_IN0.0=ADC1_IN0,IN0
NVIC.PendSV_IRQn=true\:0\:0\:false\:false\:true\:false\:false
USB_OTG_HS.IPParameters=VirtualMode-External_Phy_Device
ProjectManager.HalAssertFull=false
ADC1.SamplingTime-0\#ChannelRegularConversion=ADC_SAMPLETIME_3CYCLES
ProjectManager.ProjectName=hs-probe-ulpi
PH1-OSC_OUT.Mode=HSE-External-Clock-Source
RCC.MCO2PinFreq_Value=216000000
Mcu.Package=LQFP64
PB1.Signal=USB_OTG_HS_ULPI_D2
PA6.Signal=SPI1_MISO
PB12.Mode=External_Phy_Device
SPI2.Mode=SPI_MODE_MASTER
ProjectManager.ToolChainLocation=
RCC.LSI_VALUE=32000
VP_SYS_VS_Systick.Signal=SYS_VS_Systick
USART3.IPParameters=VirtualMode-Asynchronous
USB_OTG_FS.VirtualMode=Device_Only
PC11.Mode=Asynchronous
RCC.APB2CLKDivider=RCC_HCLK_DIV2
RCC.APB1TimFreq_Value=108000000
NVIC.BusFault_IRQn=true\:0\:0\:false\:false\:true\:false\:false
SPI2.Direction=SPI_DIRECTION_2LINES
USB_OTG_FS.IPParameters=VirtualMode
PB13.Mode=External_Phy_Device
SPI1.BaudRatePrescaler=SPI_BAUDRATEPRESCALER_2
ProjectManager.CustomerFirmwarePackage=
RCC.PLLSAIQCLKFreq_Value=192000000
PA3.Signal=USB_OTG_HS_ULPI_D0
USB_OTG_HS.VirtualMode-External_Phy_Device=Ext_Phy_Device
PA5.Mode=External_Phy_Device
RCC.I2SFreq_Value=192000000
RCC.PLLQoutputFreq_Value=48000000
ProjectManager.ProjectFileName=hs-probe-ulpi.ioc
ADC1.Rank-0\#ChannelRegularConversion=1
PA7.Mode=Full_Duplex_Master
Mcu.PinsNb=31
ProjectManager.NoMain=false
SPI1.IPParameters=VirtualType,Mode,Direction,CalculateBaudRate,BaudRatePrescaler
ADC1.IPParameters=Rank-0\#ChannelRegularConversion,master,Channel-0\#ChannelRegularConversion,SamplingTime-0\#ChannelRegularConversion,NbrOfConversionFlag
PC11.Signal=USART3_RX
PC2.Signal=USB_OTG_HS_ULPI_DIR
PC10.Mode=Asynchronous
ProjectManager.DefaultFWLocation=true
PC2.Mode=External_Phy_Device
ProjectManager.DeletePrevious=true
PC0.Signal=USB_OTG_HS_ULPI_STP
RCC.APB1CLKDivider=RCC_HCLK_DIV4
RCC.FamilyName=M
PA0-WKUP.Signal=ADCx_IN0
PC0.Mode=External_Phy_Device
USART1.VirtualMode-Asynchronous=VM_ASYNC
PA13.Signal=SYS_JTMS-SWDIO
PA3.Mode=External_Phy_Device
PA9.Mode=Full_Duplex_Master
PB11.Mode=External_Phy_Device
ProjectManager.TargetToolchain=EWARM V8.32
RCC.USART6Freq_Value=108000000
PA9.Signal=SPI2_SCK
SPI2.IPParameters=VirtualType,Mode,Direction,CalculateBaudRate
ProjectManager.RegisterCallBack=
RCC.USBFreq_Value=48000000
RCC.PLLSAIoutputFreq_Value=192000000
RCC.LSE_VALUE=32768
PB10.Signal=USB_OTG_HS_ULPI_D3
RCC.VCOI2SOutputFreq_Value=384000000
PB14.Signal=SPI2_MISO
PA5.Signal=USB_OTG_HS_ULPI_CK
PB0.Mode=External_Phy_Device
RCC.PLLSAIPCLKFreq_Value=192000000
board=custom
RCC.VCOOutputFreq_Value=432000000
ProjectManager.LastFirmware=true
PB15.Mode=Full_Duplex_Master
RCC.APB2Freq_Value=108000000
RCC.UART4Freq_Value=54000000
MxCube.Version=6.0.1
RCC.I2C1Freq_Value=54000000
SPI1.Mode=SPI_MODE_MASTER
SH.ADCx_IN0.ConfNb=1
RCC.RNGFreq_Value=48000000
Mcu.Pin30=VP_SYS_VS_Systick
VP_SYS_VS_Systick.Mode=SysTick
PH1-OSC_OUT.Signal=RCC_OSC_OUT
NVIC.NonMaskableInt_IRQn=true\:0\:0\:false\:false\:true\:false\:false
RCC.UART5Freq_Value=54000000
PA13.Mode=Serial_Wire
ProjectManager.FreePins=false
RCC.IPParameters=AHBFreq_Value,APB1CLKDivider,APB1Freq_Value,APB1TimFreq_Value,APB2CLKDivider,APB2Freq_Value,APB2TimFreq_Value,CortexFreq_Value,FCLKCortexFreq_Value,FamilyName,HCLKFreq_Value,HSE_VALUE,HSI_VALUE,I2C1Freq_Value,I2C2Freq_Value,I2C3Freq_Value,I2SFreq_Value,LSE_VALUE,LSI_VALUE,MCO1PinFreq_Value,MCO2PinFreq_Value,PLLCLKFreq_Value,PLLI2SQCLKFreq_Value,PLLI2SRCLKFreq_Value,PLLI2SRoutputFreq_Value,PLLM,PLLN,PLLQ,PLLQCLKFreq_Value,PLLQoutputFreq_Value,PLLSAIPCLKFreq_Value,PLLSAIQCLKFreq_Value,PLLSAIoutputFreq_Value,RCC_MCO1Source,RNGFreq_Value,SAI1Freq_Value,SAI2Freq_Value,SDMMCFreq_Value,SYSCLKFreq_VALUE,SYSCLKSource,UART4Freq_Value,UART5Freq_Value,USART1Freq_Value,USART2Freq_Value,USART3Freq_Value,USART6Freq_Value,USBFreq_Value,VCOI2SOutputFreq_Value,VCOInputFreq_Value,VCOOutputFreq_Value,VCOSAIOutputFreq_Value
ProjectManager.AskForMigrate=true
Mcu.Name=STM32F730R8Tx
RCC.PLLI2SQCLKFreq_Value=192000000
Mcu.Pin26=PB3
Mcu.Pin27=PB5
Mcu.Pin24=PC10
ProjectManager.UnderRoot=false
Mcu.Pin25=PC11
Mcu.IP8=USART3
Mcu.IP9=USB_OTG_FS
Mcu.Pin28=PB6
Mcu.IP6=SYS
Mcu.Pin29=PB7
Mcu.IP7=USART1
ProjectManager.CoupleFile=false
PB3.Signal=SPI1_SCK
RCC.SYSCLKFreq_VALUE=216000000
Mcu.Pin22=PA13
PB5.Signal=USB_OTG_HS_ULPI_D7
Mcu.Pin23=PA14
Mcu.Pin20=PA11
ADC1.master=1
Mcu.Pin21=PA12
PA12.Mode=Device_Only
NVIC.ForceEnableDMAVector=true
KeepUserPlacement=false
NVIC.MemoryManagement_IRQn=true\:0\:0\:false\:false\:true\:false\:false
ProjectManager.CompilerOptimize=6
PB7.Mode=Asynchronous
PA11.Signal=USB_OTG_FS_DM
PA14.Signal=SYS_JTCK-SWCLK
ProjectManager.HeapSize=0x200
Mcu.Pin15=PB13
NVIC.HardFault_IRQn=true\:0\:0\:false\:false\:true\:false\:false
PB1.Mode=External_Phy_Device
Mcu.Pin16=PB14
Mcu.Pin13=PB11
Mcu.Pin14=PB12
Mcu.Pin19=PA9
ProjectManager.ComputerToolchain=false
Mcu.Pin17=PB15
RCC.HSI_VALUE=16000000
Mcu.Pin18=PA8
RCC.PLLQ=9
NVIC.PriorityGroup=NVIC_PRIORITYGROUP_4
ADC1.NbrOfConversionFlag=1
Mcu.Pin11=PB1
Mcu.Pin12=PB10
RCC.PLLM=12
RCC.PLLN=216
Mcu.Pin10=PB0
PA8.Mode=Clock-out-1
RCC.I2C2Freq_Value=54000000
RCC.APB1Freq_Value=54000000
PB0.Signal=USB_OTG_HS_ULPI_D1
ProjectManager.DeviceId=STM32F730R8Tx
PB12.Signal=USB_OTG_HS_ULPI_D5
ProjectManager.LibraryCopy=0
PA7.Signal=SPI1_MOSI
